
Microsoft Visual Studio Solution File, Format Version 12.00
# Visual Studio Version 17
VisualStudioVersion = 17.14.36603.0 d17.14
MinimumVisualStudioVersion = 10.0.40219.1
Project("{FAE04EC0-301F-11D3-BF4B-00C04F79EFBC}") = "Grupp_5_Bokningssystem", "Grupp_5_Bokningssystem\Grupp_5_Bokningssystem.csproj", "{BF311FEC-C643-43A2-A09B-CDD1B4960E02}"
EndProject
Global
	GlobalSection(SolutionConfigurationPlatforms) = preSolution
		Debug|Any CPU = Debug|Any CPU
		Release|Any CPU = Release|Any CPU
	EndGlobalSection
	GlobalSection(ProjectConfigurationPlatforms) = postSolution
		{BF311FEC-C643-43A2-A09B-CDD1B4960E02}.Debug|Any CPU.ActiveCfg = Debug|Any CPU
		{BF311FEC-C643-43A2-A09B-CDD1B4960E02}.Debug|Any CPU.Build.0 = Debug|Any CPU
		{BF311FEC-C643-43A2-A09B-CDD1B4960E02}.Release|Any CPU.ActiveCfg = Release|Any CPU
		{BF311FEC-C643-43A2-A09B-CDD1B4960E02}.Release|Any CPU.Build.0 = Release|Any CPU
	EndGlobalSection
	GlobalSection(SolutionProperties) = preSolution
		HideSolutionNode = FALSE
	EndGlobalSection
	GlobalSection(ExtensibilityGlobals) = postSolution
		SolutionGuid = {6A4577D7-7230-4E0A-9DE7-6FCFC8C51F58}
	EndGlobalSection
EndGlobal
